
Microsoft Visual Studio Solution File, Format Version 12.00
# Visual Studio 15
VisualStudioVersion = 15.0.26730.8
MinimumVisualStudioVersion = 10.0.40219.1
Project("{FAE04EC0-301F-11D3-BF4B-00C04F79EFBC}") = "Facey.Android", "Facey\Facey.Android\Facey.Android.csproj", "{61CB5F41-301F-4737-90D7-9AF1E52B9424}"
EndProject
Project("{FAE04EC0-301F-11D3-BF4B-00C04F79EFBC}") = "Facey", "Facey\Facey\Facey.csproj", "{CA02CF5D-3B22-4047-BB90-A562238C7B10}"
EndProject
Project("{FAE04EC0-301F-11D3-BF4B-00C04F79EFBC}") = "Facey.UWP", "Facey\Facey.UWP\Facey.UWP.csproj", "{FE4E3AD3-D1D6-4BFA-85DF-135ECDDA9DBF}"
EndProject
Project("{FAE04EC0-301F-11D3-BF4B-00C04F79EFBC}") = "Facey.iOS", "Facey\Facey.iOS\Facey.iOS.csproj", "{3500B8E6-3680-49DB-AB4C-685ACB30FFC7}"
EndProject
Global
	GlobalSection(SolutionConfigurationPlatforms) = preSolution
		Ad-Hoc|Any CPU = Ad-Hoc|Any CPU
		Ad-Hoc|ARM = Ad-Hoc|ARM
		Ad-Hoc|iPhone = Ad-Hoc|iPhone
		Ad-Hoc|iPhoneSimulator = Ad-Hoc|iPhoneSimulator
		Ad-Hoc|x64 = Ad-Hoc|x64
		Ad-Hoc|x86 = Ad-Hoc|x86
		AppStore|Any CPU = AppStore|Any CPU
		AppStore|ARM = AppStore|ARM
		AppStore|iPhone = AppStore|iPhone
		AppStore|iPhoneSimulator = AppStore|iPhoneSimulator
		AppStore|x64 = AppStore|x64
		AppStore|x86 = AppStore|x86
		Debug|Any CPU = Debug|Any CPU
		Debug|ARM = Debug|ARM
		Debug|iPhone = Debug|iPhone
		Debug|iPhoneSimulator = Debug|iPhoneSimulator
		Debug|x64 = Debug|x64
		Debug|x86 = Debug|x86
		Release|Any CPU = Release|Any CPU
		Release|ARM = Release|ARM
		Release|iPhone = Release|iPhone
		Release|iPhoneSimulator = Release|iPhoneSimulator
		Release|x64 = Release|x64
		Release|x86 = Release|x86
	EndGlobalSection
	GlobalSection(ProjectConfigurationPlatforms) = postSolution
		{61CB5F41-301F-4737-90D7-9AF1E52B9424}.Ad-Hoc|Any CPU.ActiveCfg = Release|Any CPU
		{61CB5F41-301F-4737-90D7-9AF1E52B9424}.Ad-Hoc|Any CPU.Build.0 = Release|Any CPU
		{61CB5F41-301F-4737-90D7-9AF1E52B9424}.Ad-Hoc|Any CPU.Deploy.0 = Release|Any CPU
		{61CB5F41-301F-4737-90D7-9AF1E52B9424}.Ad-Hoc|ARM.ActiveCfg = Release|Any CPU
		{61CB5F41-301F-4737-90D7-9AF1E52B9424}.Ad-Hoc|ARM.Build.0 = Release|Any CPU
		{61CB5F41-301F-4737-90D7-9AF1E52B9424}.Ad-Hoc|ARM.Deploy.0 = Release|Any CPU
		{61CB5F41-301F-4737-90D7-9AF1E52B9424}.Ad-Hoc|iPhone.ActiveCfg = Release|Any CPU
		{61CB5F41-301F-4737-90D7-9AF1E52B9424}.Ad-Hoc|iPhone.Build.0 = Release|Any CPU
		{61CB5F41-301F-4737-90D7-9AF1E52B9424}.Ad-Hoc|iPhone.Deploy.0 = Release|Any CPU
		{61CB5F41-301F-4737-90D7-9AF1E52B9424}.Ad-Hoc|iPhoneSimulator.ActiveCfg = Release|Any CPU
		{61CB5F41-301F-4737-90D7-9AF1E52B9424}.Ad-Hoc|iPhoneSimulator.Build.0 = Release|Any CPU
		{61CB5F41-301F-4737-90D7-9AF1E52B9424}.Ad-Hoc|iPhoneSimulator.Deploy.0 = Release|Any CPU
		{61CB5F41-301F-4737-90D7-9AF1E52B9424}.Ad-Hoc|x64.ActiveCfg = Release|Any CPU
		{61CB5F41-301F-4737-90D7-9AF1E52B9424}.Ad-Hoc|x64.Build.0 = Release|Any CPU
		{61CB5F41-301F-4737-90D7-9AF1E52B9424}.Ad-Hoc|x64.Deploy.0 = Release|Any CPU
		{61CB5F41-301F-4737-90D7-9AF1E52B9424}.Ad-Hoc|x86.ActiveCfg = Release|Any CPU
		{61CB5F41-301F-4737-90D7-9AF1E52B9424}.Ad-Hoc|x86.Build.0 = Release|Any CPU
		{61CB5F41-301F-4737-90D7-9AF1E52B9424}.Ad-Hoc|x86.Deploy.0 = Release|Any CPU
		{61CB5F41-301F-4737-90D7-9AF1E52B9424}.AppStore|Any CPU.ActiveCfg = Release|Any CPU
		{61CB5F41-301F-4737-90D7-9AF1E52B9424}.AppStore|Any CPU.Build.0 = Release|Any CPU
		{61CB5F41-301F-4737-90D7-9AF1E52B9424}.AppStore|Any CPU.Deploy.0 = Release|Any CPU
		{61CB5F41-301F-4737-90D7-9AF1E52B9424}.AppStore|ARM.ActiveCfg = Release|Any CPU
		{61CB5F41-301F-4737-90D7-9AF1E52B9424}.AppStore|ARM.Build.0 = Release|Any CPU
		{61CB5F41-301F-4737-90D7-9AF1E52B9424}.AppStore|ARM.Deploy.0 = Release|Any CPU
		{61CB5F41-301F-4737-90D7-9AF1E52B9424}.AppStore|iPhone.ActiveCfg = Release|Any CPU
		{61CB5F41-301F-4737-90D7-9AF1E52B9424}.AppStore|iPhone.Build.0 = Release|Any CPU
		{61CB5F41-301F-4737-90D7-9AF1E52B9424}.AppStore|iPhone.Deploy.0 = Release|Any CPU
		{61CB5F41-301F-4737-90D7-9AF1E52B9424}.AppStore|iPhoneSimulator.ActiveCfg = Release|Any CPU
		{61CB5F41-301F-4737-90D7-9AF1E52B9424}.AppStore|iPhoneSimulator.Build.0 = Release|Any CPU
		{61CB5F41-301F-4737-90D7-9AF1E52B9424}.AppStore|iPhoneSimulator.Deploy.0 = Release|Any CPU
		{61CB5F41-301F-4737-90D7-9AF1E52B9424}.AppStore|x64.ActiveCfg = Release|Any CPU
		{61CB5F41-301F-4737-90D7-9AF1E52B9424}.AppStore|x64.Build.0 = Release|Any CPU
		{61CB5F41-301F-4737-90D7-9AF1E52B9424}.AppStore|x64.Deploy.0 = Release|Any CPU
		{61CB5F41-301F-4737-90D7-9AF1E52B9424}.AppStore|x86.ActiveCfg = Release|Any CPU
		{61CB5F41-301F-4737-90D7-9AF1E52B9424}.AppStore|x86.Build.0 = Release|Any CPU
		{61CB5F41-301F-4737-90D7-9AF1E52B9424}.AppStore|x86.Deploy.0 = Release|Any CPU
		{61CB5F41-301F-4737-90D7-9AF1E52B9424}.Debug|Any CPU.ActiveCfg = Debug|Any CPU
		{61CB5F41-301F-4737-90D7-9AF1E52B9424}.Debug|Any CPU.Build.0 = Debug|Any CPU
		{61CB5F41-301F-4737-90D7-9AF1E52B9424}.Debug|Any CPU.Deploy.0 = Debug|Any CPU
		{61CB5F41-301F-4737-90D7-9AF1E52B9424}.Debug|ARM.ActiveCfg = Debug|Any CPU
		{61CB5F41-301F-4737-90D7-9AF1E52B9424}.Debug|ARM.Build.0 = Debug|Any CPU
		{61CB5F41-301F-4737-90D7-9AF1E52B9424}.Debug|ARM.Deploy.0 = Debug|Any CPU
		{61CB5F41-301F-4737-90D7-9AF1E52B9424}.Debug|iPhone.ActiveCfg = Debug|Any CPU
		{61CB5F41-301F-4737-90D7-9AF1E52B9424}.Debug|iPhone.Build.0 = Debug|Any CPU
		{61CB5F41-301F-4737-90D7-9AF1E52B9424}.Debug|iPhone.Deploy.0 = Debug|Any CPU
		{61CB5F41-301F-4737-90D7-9AF1E52B9424}.Debug|iPhoneSimulator.ActiveCfg = Debug|Any CPU
		{61CB5F41-301F-4737-90D7-9AF1E52B9424}.Debug|iPhoneSimulator.Build.0 = Debug|Any CPU
		{61CB5F41-301F-4737-90D7-9AF1E52B9424}.Debug|iPhoneSimulator.Deploy.0 = Debug|Any CPU
		{61CB5F41-301F-4737-90D7-9AF1E52B9424}.Debug|x64.ActiveCfg = Debug|Any CPU
		{61CB5F41-301F-4737-90D7-9AF1E52B9424}.Debug|x64.Build.0 = Debug|Any CPU
		{61CB5F41-301F-4737-90D7-9AF1E52B9424}.Debug|x64.Deploy.0 = Debug|Any CPU
		{61CB5F41-301F-4737-90D7-9AF1E52B9424}.Debug|x86.ActiveCfg = Debug|Any CPU
		{61CB5F41-301F-4737-90D7-9AF1E52B9424}.Debug|x86.Build.0 = Debug|Any CPU
		{61CB5F41-301F-4737-90D7-9AF1E52B9424}.Debug|x86.Deploy.0 = Debug|Any CPU
		{61CB5F41-301F-4737-90D7-9AF1E52B9424}.Release|Any CPU.ActiveCfg = Release|Any CPU
		{61CB5F41-301F-4737-90D7-9AF1E52B9424}.Release|Any CPU.Build.0 = Release|Any CPU
		{61CB5F41-301F-4737-90D7-9AF1E52B9424}.Release|Any CPU.Deploy.0 = Release|Any CPU
		{61CB5F41-301F-4737-90D7-9AF1E52B9424}.Release|ARM.ActiveCfg = Release|Any CPU
		{61CB5F41-301F-4737-90D7-9AF1E52B9424}.Release|ARM.Build.0 = Release|Any CPU
		{61CB5F41-301F-4737-90D7-9AF1E52B9424}.Release|ARM.Deploy.0 = Release|Any CPU
		{61CB5F41-301F-4737-90D7-9AF1E52B9424}.Release|iPhone.ActiveCfg = Release|Any CPU
		{61CB5F41-301F-4737-90D7-9AF1E52B9424}.Release|iPhone.Build.0 = Release|Any CPU
		{61CB5F41-301F-4737-90D7-9AF1E52B9424}.Release|iPhone.Deploy.0 = Release|Any CPU
		{61CB5F41-301F-4737-90D7-9AF1E52B9424}.Release|iPhoneSimulator.ActiveCfg = Release|Any CPU
		{61CB5F41-301F-4737-90D7-9AF1E52B9424}.Release|iPhoneSimulator.Build.0 = Release|Any CPU
		{61CB5F41-301F-4737-90D7-9AF1E52B9424}.Release|iPhoneSimulator.Deploy.0 = Release|Any CPU
		{61CB5F41-301F-4737-90D7-9AF1E52B9424}.Release|x64.ActiveCfg = Release|Any CPU
		{61CB5F41-301F-4737-90D7-9AF1E52B9424}.Release|x64.Build.0 = Release|Any CPU
		{61CB5F41-301F-4737-90D7-9AF1E52B9424}.Release|x64.Deploy.0 = Release|Any CPU
		{61CB5F41-301F-4737-90D7-9AF1E52B9424}.Release|x86.ActiveCfg = Release|Any CPU
		{61CB5F41-301F-4737-90D7-9AF1E52B9424}.Release|x86.Build.0 = Release|Any CPU
		{61CB5F41-301F-4737-90D7-9AF1E52B9424}.Release|x86.Deploy.0 = Release|Any CPU
		{CA02CF5D-3B22-4047-BB90-A562238C7B10}.Ad-Hoc|Any CPU.ActiveCfg = Release|Any CPU
		{CA02CF5D-3B22-4047-BB90-A562238C7B10}.Ad-Hoc|Any CPU.Build.0 = Release|Any CPU
		{CA02CF5D-3B22-4047-BB90-A562238C7B10}.Ad-Hoc|ARM.ActiveCfg = Release|Any CPU
		{CA02CF5D-3B22-4047-BB90-A562238C7B10}.Ad-Hoc|ARM.Build.0 = Release|Any CPU
		{CA02CF5D-3B22-4047-BB90-A562238C7B10}.Ad-Hoc|iPhone.ActiveCfg = Release|Any CPU
		{CA02CF5D-3B22-4047-BB90-A562238C7B10}.Ad-Hoc|iPhone.Build.0 = Release|Any CPU
		{CA02CF5D-3B22-4047-BB90-A562238C7B10}.Ad-Hoc|iPhoneSimulator.ActiveCfg = Release|Any CPU
		{CA02CF5D-3B22-4047-BB90-A562238C7B10}.Ad-Hoc|iPhoneSimulator.Build.0 = Release|Any CPU
		{CA02CF5D-3B22-4047-BB90-A562238C7B10}.Ad-Hoc|x64.ActiveCfg = Release|Any CPU
		{CA02CF5D-3B22-4047-BB90-A562238C7B10}.Ad-Hoc|x64.Build.0 = Release|Any CPU
		{CA02CF5D-3B22-4047-BB90-A562238C7B10}.Ad-Hoc|x86.ActiveCfg = Release|Any CPU
		{CA02CF5D-3B22-4047-BB90-A562238C7B10}.Ad-Hoc|x86.Build.0 = Release|Any CPU
		{CA02CF5D-3B22-4047-BB90-A562238C7B10}.AppStore|Any CPU.ActiveCfg = Release|Any CPU
		{CA02CF5D-3B22-4047-BB90-A562238C7B10}.AppStore|Any CPU.Build.0 = Release|Any CPU
		{CA02CF5D-3B22-4047-BB90-A562238C7B10}.AppStore|ARM.ActiveCfg = Release|Any CPU
		{CA02CF5D-3B22-4047-BB90-A562238C7B10}.AppStore|ARM.Build.0 = Release|Any CPU
		{CA02CF5D-3B22-4047-BB90-A562238C7B10}.AppStore|iPhone.ActiveCfg = Release|Any CPU
		{CA02CF5D-3B22-4047-BB90-A562238C7B10}.AppStore|iPhone.Build.0 = Release|Any CPU
		{CA02CF5D-3B22-4047-BB90-A562238C7B10}.AppStore|iPhoneSimulator.ActiveCfg = Release|Any CPU
		{CA02CF5D-3B22-4047-BB90-A562238C7B10}.AppStore|iPhoneSimulator.Build.0 = Release|Any CPU
		{CA02CF5D-3B22-4047-BB90-A562238C7B10}.AppStore|x64.ActiveCfg = Release|Any CPU
		{CA02CF5D-3B22-4047-BB90-A562238C7B10}.AppStore|x64.Build.0 = Release|Any CPU
		{CA02CF5D-3B22-4047-BB90-A562238C7B10}.AppStore|x86.ActiveCfg = Release|Any CPU
		{CA02CF5D-3B22-4047-BB90-A562238C7B10}.AppStore|x86.Build.0 = Release|Any CPU
		{CA02CF5D-3B22-4047-BB90-A562238C7B10}.Debug|Any CPU.ActiveCfg = Debug|Any CPU
		{CA02CF5D-3B22-4047-BB90-A562238C7B10}.Debug|Any CPU.Build.0 = Debug|Any CPU
		{CA02CF5D-3B22-4047-BB90-A562238C7B10}.Debug|ARM.ActiveCfg = Debug|Any CPU
		{CA02CF5D-3B22-4047-BB90-A562238C7B10}.Debug|ARM.Build.0 = Debug|Any CPU
		{CA02CF5D-3B22-4047-BB90-A562238C7B10}.Debug|iPhone.ActiveCfg = Debug|Any CPU
		{CA02CF5D-3B22-4047-BB90-A562238C7B10}.Debug|iPhone.Build.0 = Debug|Any CPU
		{CA02CF5D-3B22-4047-BB90-A562238C7B10}.Debug|iPhoneSimulator.ActiveCfg = Debug|Any CPU
		{CA02CF5D-3B22-4047-BB90-A562238C7B10}.Debug|iPhoneSimulator.Build.0 = Debug|Any CPU
		{CA02CF5D-3B22-4047-BB90-A562238C7B10}.Debug|x64.ActiveCfg = Debug|Any CPU
		{CA02CF5D-3B22-4047-BB90-A562238C7B10}.Debug|x64.Build.0 = Debug|Any CPU
		{CA02CF5D-3B22-4047-BB90-A562238C7B10}.Debug|x86.ActiveCfg = Debug|Any CPU
		{CA02CF5D-3B22-4047-BB90-A562238C7B10}.Debug|x86.Build.0 = Debug|Any CPU
		{CA02CF5D-3B22-4047-BB90-A562238C7B10}.Release|Any CPU.ActiveCfg = Release|Any CPU
		{CA02CF5D-3B22-4047-BB90-A562238C7B10}.Release|Any CPU.Build.0 = Release|Any CPU
		{CA02CF5D-3B22-4047-BB90-A562238C7B10}.Release|ARM.ActiveCfg = Release|Any CPU
		{CA02CF5D-3B22-4047-BB90-A562238C7B10}.Release|ARM.Build.0 = Release|Any CPU
		{CA02CF5D-3B22-4047-BB90-A562238C7B10}.Release|iPhone.ActiveCfg = Release|Any CPU
		{CA02CF5D-3B22-4047-BB90-A562238C7B10}.Release|iPhone.Build.0 = Release|Any CPU
		{CA02CF5D-3B22-4047-BB90-A562238C7B10}.Release|iPhoneSimulator.ActiveCfg = Release|Any CPU
		{CA02CF5D-3B22-4047-BB90-A562238C7B10}.Release|iPhoneSimulator.Build.0 = Release|Any CPU
		{CA02CF5D-3B22-4047-BB90-A562238C7B10}.Release|x64.ActiveCfg = Release|Any CPU
		{CA02CF5D-3B22-4047-BB90-A562238C7B10}.Release|x64.Build.0 = Release|Any CPU
		{CA02CF5D-3B22-4047-BB90-A562238C7B10}.Release|x86.ActiveCfg = Release|Any CPU
		{CA02CF5D-3B22-4047-BB90-A562238C7B10}.Release|x86.Build.0 = Release|Any CPU
		{FE4E3AD3-D1D6-4BFA-85DF-135ECDDA9DBF}.Ad-Hoc|Any CPU.ActiveCfg = Release|x86
		{FE4E3AD3-D1D6-4BFA-85DF-135ECDDA9DBF}.Ad-Hoc|Any CPU.Build.0 = Release|x86
		{FE4E3AD3-D1D6-4BFA-85DF-135ECDDA9DBF}.Ad-Hoc|Any CPU.Deploy.0 = Release|x86
		{FE4E3AD3-D1D6-4BFA-85DF-135ECDDA9DBF}.Ad-Hoc|ARM.ActiveCfg = Release|ARM
		{FE4E3AD3-D1D6-4BFA-85DF-135ECDDA9DBF}.Ad-Hoc|ARM.Build.0 = Release|ARM
		{FE4E3AD3-D1D6-4BFA-85DF-135ECDDA9DBF}.Ad-Hoc|ARM.Deploy.0 = Release|ARM
		{FE4E3AD3-D1D6-4BFA-85DF-135ECDDA9DBF}.Ad-Hoc|iPhone.ActiveCfg = Release|x86
		{FE4E3AD3-D1D6-4BFA-85DF-135ECDDA9DBF}.Ad-Hoc|iPhone.Build.0 = Release|x86
		{FE4E3AD3-D1D6-4BFA-85DF-135ECDDA9DBF}.Ad-Hoc|iPhone.Deploy.0 = Release|x86
		{FE4E3AD3-D1D6-4BFA-85DF-135ECDDA9DBF}.Ad-Hoc|iPhoneSimulator.ActiveCfg = Release|x86
		{FE4E3AD3-D1D6-4BFA-85DF-135ECDDA9DBF}.Ad-Hoc|iPhoneSimulator.Build.0 = Release|x86
		{FE4E3AD3-D1D6-4BFA-85DF-135ECDDA9DBF}.Ad-Hoc|iPhoneSimulator.Deploy.0 = Release|x86
		{FE4E3AD3-D1D6-4BFA-85DF-135ECDDA9DBF}.Ad-Hoc|x64.ActiveCfg = Release|x64
		{FE4E3AD3-D1D6-4BFA-85DF-135ECDDA9DBF}.Ad-Hoc|x64.Build.0 = Release|x64
		{FE4E3AD3-D1D6-4BFA-85DF-135ECDDA9DBF}.Ad-Hoc|x64.Deploy.0 = Release|x64
		{FE4E3AD3-D1D6-4BFA-85DF-135ECDDA9DBF}.Ad-Hoc|x86.ActiveCfg = Release|x86
		{FE4E3AD3-D1D6-4BFA-85DF-135ECDDA9DBF}.Ad-Hoc|x86.Build.0 = Release|x86
		{FE4E3AD3-D1D6-4BFA-85DF-135ECDDA9DBF}.Ad-Hoc|x86.Deploy.0 = Release|x86
		{FE4E3AD3-D1D6-4BFA-85DF-135ECDDA9DBF}.AppStore|Any CPU.ActiveCfg = Release|x86
		{FE4E3AD3-D1D6-4BFA-85DF-135ECDDA9DBF}.AppStore|Any CPU.Build.0 = Release|x86
		{FE4E3AD3-D1D6-4BFA-85DF-135ECDDA9DBF}.AppStore|Any CPU.Deploy.0 = Release|x86
		{FE4E3AD3-D1D6-4BFA-85DF-135ECDDA9DBF}.AppStore|ARM.ActiveCfg = Release|ARM
		{FE4E3AD3-D1D6-4BFA-85DF-135ECDDA9DBF}.AppStore|ARM.Build.0 = Release|ARM
		{FE4E3AD3-D1D6-4BFA-85DF-135ECDDA9DBF}.AppStore|ARM.Deploy.0 = Release|ARM
		{FE4E3AD3-D1D6-4BFA-85DF-135ECDDA9DBF}.AppStore|iPhone.ActiveCfg = Release|x86
		{FE4E3AD3-D1D6-4BFA-85DF-135ECDDA9DBF}.AppStore|iPhone.Build.0 = Release|x86
		{FE4E3AD3-D1D6-4BFA-85DF-135ECDDA9DBF}.AppStore|iPhone.Deploy.0 = Release|x86
		{FE4E3AD3-D1D6-4BFA-85DF-135ECDDA9DBF}.AppStore|iPhoneSimulator.ActiveCfg = Release|x86
		{FE4E3AD3-D1D6-4BFA-85DF-135ECDDA9DBF}.AppStore|iPhoneSimulator.Build.0 = Release|x86
		{FE4E3AD3-D1D6-4BFA-85DF-135ECDDA9DBF}.AppStore|iPhoneSimulator.Deploy.0 = Release|x86
		{FE4E3AD3-D1D6-4BFA-85DF-135ECDDA9DBF}.AppStore|x64.ActiveCfg = Release|x64
		{FE4E3AD3-D1D6-4BFA-85DF-135ECDDA9DBF}.AppStore|x64.Build.0 = Release|x64
		{FE4E3AD3-D1D6-4BFA-85DF-135ECDDA9DBF}.AppStore|x64.Deploy.0 = Release|x64
		{FE4E3AD3-D1D6-4BFA-85DF-135ECDDA9DBF}.AppStore|x86.ActiveCfg = Release|x86
		{FE4E3AD3-D1D6-4BFA-85DF-135ECDDA9DBF}.AppStore|x86.Build.0 = Release|x86
		{FE4E3AD3-D1D6-4BFA-85DF-135ECDDA9DBF}.AppStore|x86.Deploy.0 = Release|x86
		{FE4E3AD3-D1D6-4BFA-85DF-135ECDDA9DBF}.Debug|Any CPU.ActiveCfg = Debug|x86
		{FE4E3AD3-D1D6-4BFA-85DF-135ECDDA9DBF}.Debug|ARM.ActiveCfg = Debug|ARM
		{FE4E3AD3-D1D6-4BFA-85DF-135ECDDA9DBF}.Debug|ARM.Build.0 = Debug|ARM
		{FE4E3AD3-D1D6-4BFA-85DF-135ECDDA9DBF}.Debug|ARM.Deploy.0 = Debug|ARM
		{FE4E3AD3-D1D6-4BFA-85DF-135ECDDA9DBF}.Debug|iPhone.ActiveCfg = Debug|x86
		{FE4E3AD3-D1D6-4BFA-85DF-135ECDDA9DBF}.Debug|iPhoneSimulator.ActiveCfg = Debug|x86
		{FE4E3AD3-D1D6-4BFA-85DF-135ECDDA9DBF}.Debug|x64.ActiveCfg = Debug|x64
		{FE4E3AD3-D1D6-4BFA-85DF-135ECDDA9DBF}.Debug|x64.Build.0 = Debug|x64
		{FE4E3AD3-D1D6-4BFA-85DF-135ECDDA9DBF}.Debug|x64.Deploy.0 = Debug|x64
		{FE4E3AD3-D1D6-4BFA-85DF-135ECDDA9DBF}.Debug|x86.ActiveCfg = Debug|x86
		{FE4E3AD3-D1D6-4BFA-85DF-135ECDDA9DBF}.Debug|x86.Build.0 = Debug|x86
		{FE4E3AD3-D1D6-4BFA-85DF-135ECDDA9DBF}.Debug|x86.Deploy.0 = Debug|x86
		{FE4E3AD3-D1D6-4BFA-85DF-135ECDDA9DBF}.Release|Any CPU.ActiveCfg = Release|x86
		{FE4E3AD3-D1D6-4BFA-85DF-135ECDDA9DBF}.Release|ARM.ActiveCfg = Release|ARM
		{FE4E3AD3-D1D6-4BFA-85DF-135ECDDA9DBF}.Release|ARM.Build.0 = Release|ARM
		{FE4E3AD3-D1D6-4BFA-85DF-135ECDDA9DBF}.Release|ARM.Deploy.0 = Release|ARM
		{FE4E3AD3-D1D6-4BFA-85DF-135ECDDA9DBF}.Release|iPhone.ActiveCfg = Release|x86
		{FE4E3AD3-D1D6-4BFA-85DF-135ECDDA9DBF}.Release|iPhoneSimulator.ActiveCfg = Release|x86
		{FE4E3AD3-D1D6-4BFA-85DF-135ECDDA9DBF}.Release|x64.ActiveCfg = Release|x64
		{FE4E3AD3-D1D6-4BFA-85DF-135ECDDA9DBF}.Release|x64.Build.0 = Release|x64
		{FE4E3AD3-D1D6-4BFA-85DF-135ECDDA9DBF}.Release|x64.Deploy.0 = Release|x64
		{FE4E3AD3-D1D6-4BFA-85DF-135ECDDA9DBF}.Release|x86.ActiveCfg = Release|x86
		{FE4E3AD3-D1D6-4BFA-85DF-135ECDDA9DBF}.Release|x86.Build.0 = Release|x86
		{FE4E3AD3-D1D6-4BFA-85DF-135ECDDA9DBF}.Release|x86.Deploy.0 = Release|x86
		{3500B8E6-3680-49DB-AB4C-685ACB30FFC7}.Ad-Hoc|Any CPU.ActiveCfg = Ad-Hoc|iPhone
		{3500B8E6-3680-49DB-AB4C-685ACB30FFC7}.Ad-Hoc|ARM.ActiveCfg = Ad-Hoc|iPhone
		{3500B8E6-3680-49DB-AB4C-685ACB30FFC7}.Ad-Hoc|iPhone.ActiveCfg = Ad-Hoc|iPhone
		{3500B8E6-3680-49DB-AB4C-685ACB30FFC7}.Ad-Hoc|iPhone.Build.0 = Ad-Hoc|iPhone
		{3500B8E6-3680-49DB-AB4C-685ACB30FFC7}.Ad-Hoc|iPhoneSimulator.ActiveCfg = Ad-Hoc|iPhoneSimulator
		{3500B8E6-3680-49DB-AB4C-685ACB30FFC7}.Ad-Hoc|iPhoneSimulator.Build.0 = Ad-Hoc|iPhoneSimulator
		{3500B8E6-3680-49DB-AB4C-685ACB30FFC7}.Ad-Hoc|x64.ActiveCfg = Ad-Hoc|iPhone
		{3500B8E6-3680-49DB-AB4C-685ACB30FFC7}.Ad-Hoc|x86.ActiveCfg = Ad-Hoc|iPhone
		{3500B8E6-3680-49DB-AB4C-685ACB30FFC7}.AppStore|Any CPU.ActiveCfg = AppStore|iPhone
		{3500B8E6-3680-49DB-AB4C-685ACB30FFC7}.AppStore|ARM.ActiveCfg = AppStore|iPhone
		{3500B8E6-3680-49DB-AB4C-685ACB30FFC7}.AppStore|iPhone.ActiveCfg = AppStore|iPhone
		{3500B8E6-3680-49DB-AB4C-685ACB30FFC7}.AppStore|iPhone.Build.0 = AppStore|iPhone
		{3500B8E6-3680-49DB-AB4C-685ACB30FFC7}.AppStore|iPhoneSimulator.ActiveCfg = AppStore|iPhoneSimulator
		{3500B8E6-3680-49DB-AB4C-685ACB30FFC7}.AppStore|iPhoneSimulator.Build.0 = AppStore|iPhoneSimulator
		{3500B8E6-3680-49DB-AB4C-685ACB30FFC7}.AppStore|x64.ActiveCfg = AppStore|iPhone
		{3500B8E6-3680-49DB-AB4C-685ACB30FFC7}.AppStore|x86.ActiveCfg = AppStore|iPhone
		{3500B8E6-3680-49DB-AB4C-685ACB30FFC7}.Debug|Any CPU.ActiveCfg = Debug|iPhone
		{3500B8E6-3680-49DB-AB4C-685ACB30FFC7}.Debug|ARM.ActiveCfg = Debug|iPhone
		{3500B8E6-3680-49DB-AB4C-685ACB30FFC7}.Debug|iPhone.ActiveCfg = Debug|iPhone
		{3500B8E6-3680-49DB-AB4C-685ACB30FFC7}.Debug|iPhone.Build.0 = Debug|iPhone
		{3500B8E6-3680-49DB-AB4C-685ACB30FFC7}.Debug|iPhoneSimulator.ActiveCfg = Debug|iPhoneSimulator
		{3500B8E6-3680-49DB-AB4C-685ACB30FFC7}.Debug|iPhoneSimulator.Build.0 = Debug|iPhoneSimulator
		{3500B8E6-3680-49DB-AB4C-685ACB30FFC7}.Debug|x64.ActiveCfg = Debug|iPhone
		{3500B8E6-3680-49DB-AB4C-685ACB30FFC7}.Debug|x86.ActiveCfg = Debug|iPhone
		{3500B8E6-3680-49DB-AB4C-685ACB30FFC7}.Release|Any CPU.ActiveCfg = Release|iPhone
		{3500B8E6-3680-49DB-AB4C-685ACB30FFC7}.Release|ARM.ActiveCfg = Release|iPhone
		{3500B8E6-3680-49DB-AB4C-685ACB30FFC7}.Release|iPhone.ActiveCfg = Release|iPhone
		{3500B8E6-3680-49DB-AB4C-685ACB30FFC7}.Release|iPhone.Build.0 = Release|iPhone
		{3500B8E6-3680-49DB-AB4C-685ACB30FFC7}.Release|iPhoneSimulator.ActiveCfg = Release|iPhoneSimulator
		{3500B8E6-3680-49DB-AB4C-685ACB30FFC7}.Release|iPhoneSimulator.Build.0 = Release|iPhoneSimulator
		{3500B8E6-3680-49DB-AB4C-685ACB30FFC7}.Release|x64.ActiveCfg = Release|iPhone
		{3500B8E6-3680-49DB-AB4C-685ACB30FFC7}.Release|x86.ActiveCfg = Release|iPhone
	EndGlobalSection
	GlobalSection(SolutionProperties) = preSolution
		HideSolutionNode = FALSE
	EndGlobalSection
	GlobalSection(ExtensibilityGlobals) = postSolution
		SolutionGuid = {C8DEC7E4-116D-40C6-82F9-EF6BF7F6F136}
	EndGlobalSection
EndGlobal
